
Microsoft Visual Studio Solution File, Format Version 12.00
# Visual Studio Version 16
VisualStudioVersion = 16.0.30011.22
MinimumVisualStudioVersion = 10.0.40219.1
Project("{2150E333-8FDC-42A3-9474-1A3956D46DE8}") = "Services", "Services", "{09612D36-228E-4D4E-8B09-1FEA43AEF123}"
EndProject
Project("{2150E333-8FDC-42A3-9474-1A3956D46DE8}") = "Catalog", "Catalog", "{B438F2AF-B57E-4842-9315-7036FEA491A9}"
EndProject
Project("{9A19103F-16F7-4668-BE54-9A1E7A4F7556}") = "Catalog.API", "Services\Catalog\Catalog.API\Catalog.API.csproj", "{2D7BBBDB-0CDC-4566-AB64-9E29CB2C7EC0}"
EndProject
Project("{E53339B2-1760-4266-BCC7-CA923CBCF16C}") = "docker-compose", "docker-compose.dcproj", "{25200EAB-ACB7-4A16-B7BD-203FC779D44B}"
EndProject
Project("{2150E333-8FDC-42A3-9474-1A3956D46DE8}") = "Basket", "Basket", "{07816A4E-2506-43CB-B709-68668AEC7A73}"
EndProject
Project("{9A19103F-16F7-4668-BE54-9A1E7A4F7556}") = "Basket.API", "Services\Basket\Basket.API\Basket.API.csproj", "{0E1ED72A-5A90-4EA1-92B9-4111536B736F}"
EndProject
Project("{2150E333-8FDC-42A3-9474-1A3956D46DE8}") = "Discount", "Discount", "{2C938035-5116-46E4-B49B-F2B2226A76B0}"
EndProject
Project("{9A19103F-16F7-4668-BE54-9A1E7A4F7556}") = "Discount.API", "Services\Discount\Discount.API\Discount.API.csproj", "{3D514759-7AC3-43A6-AF5D-E1836B59FCD3}"
EndProject
Project("{9A19103F-16F7-4668-BE54-9A1E7A4F7556}") = "Discount.Grpc", "Services\Discount\Discount.Grpc\Discount.Grpc.csproj", "{F9B138C4-404F-49F7-B997-D18C356D1D4E}"
EndProject
Project("{2150E333-8FDC-42A3-9474-1A3956D46DE8}") = "Ordering", "Ordering", "{8009F394-85D0-4EF3-8C02-9D5E4FF7F19A}"
EndProject
Project("{9A19103F-16F7-4668-BE54-9A1E7A4F7556}") = "Ordering.API", "Services\Ordering\Ordering.API\Ordering.API.csproj", "{EC864F42-78C6-49D6-AC90-7CEF3C332364}"
EndProject
Project("{9A19103F-16F7-4668-BE54-9A1E7A4F7556}") = "Ordering.Domain", "Services\Ordering\Ordering.Domain\Ordering.Domain.csproj", "{6124DBC8-4C8E-477B-8370-1CDB8832F8D9}"
EndProject
Project("{9A19103F-16F7-4668-BE54-9A1E7A4F7556}") = "Ordering.Application", "Services\Ordering\Ordering.Application\Ordering.Application.csproj", "{5C01414E-290B-436A-A04D-06BCAD4407D4}"
EndProject
Project("{9A19103F-16F7-4668-BE54-9A1E7A4F7556}") = "Ordering.Infrastructure", "Services\Ordering\Ordering.Infrastructure\Ordering.Infrastructure.csproj", "{04A35DB6-1564-43F1-8D23-301EC64BA6DF}"
EndProject
Project("{2150E333-8FDC-42A3-9474-1A3956D46DE8}") = "BuildingBlocks", "BuildingBlocks", "{0AFF25C3-5660-4290-8459-8C4DF7177280}"
EndProject
Project("{FAE04EC0-301F-11D3-BF4B-00C04F79EFBC}") = "EventBus.Messages", "BuildingBlocks\EventBus.Messages\EventBus.Messages.csproj", "{8A2F6242-2782-4FA6-82FD-7A34531CFCEC}"
EndProject
Global
	GlobalSection(SolutionConfigurationPlatforms) = preSolution
		Debug|Any CPU = Debug|Any CPU
		Release|Any CPU = Release|Any CPU
	EndGlobalSection
	GlobalSection(ProjectConfigurationPlatforms) = postSolution
		{2D7BBBDB-0CDC-4566-AB64-9E29CB2C7EC0}.Debug|Any CPU.ActiveCfg = Debug|Any CPU
		{2D7BBBDB-0CDC-4566-AB64-9E29CB2C7EC0}.Debug|Any CPU.Build.0 = Debug|Any CPU
		{2D7BBBDB-0CDC-4566-AB64-9E29CB2C7EC0}.Release|Any CPU.ActiveCfg = Release|Any CPU
		{2D7BBBDB-0CDC-4566-AB64-9E29CB2C7EC0}.Release|Any CPU.Build.0 = Release|Any CPU
		{25200EAB-ACB7-4A16-B7BD-203FC779D44B}.Debug|Any CPU.ActiveCfg = Debug|Any CPU
		{25200EAB-ACB7-4A16-B7BD-203FC779D44B}.Debug|Any CPU.Build.0 = Debug|Any CPU
		{25200EAB-ACB7-4A16-B7BD-203FC779D44B}.Release|Any CPU.ActiveCfg = Release|Any CPU
		{25200EAB-ACB7-4A16-B7BD-203FC779D44B}.Release|Any CPU.Build.0 = Release|Any CPU
		{0E1ED72A-5A90-4EA1-92B9-4111536B736F}.Debug|Any CPU.ActiveCfg = Debug|Any CPU
		{0E1ED72A-5A90-4EA1-92B9-4111536B736F}.Debug|Any CPU.Build.0 = Debug|Any CPU
		{0E1ED72A-5A90-4EA1-92B9-4111536B736F}.Release|Any CPU.ActiveCfg = Release|Any CPU
		{0E1ED72A-5A90-4EA1-92B9-4111536B736F}.Release|Any CPU.Build.0 = Release|Any CPU
		{3D514759-7AC3-43A6-AF5D-E1836B59FCD3}.Debug|Any CPU.ActiveCfg = Debug|Any CPU
		{3D514759-7AC3-43A6-AF5D-E1836B59FCD3}.Debug|Any CPU.Build.0 = Debug|Any CPU
		{3D514759-7AC3-43A6-AF5D-E1836B59FCD3}.Release|Any CPU.ActiveCfg = Release|Any CPU
		{3D514759-7AC3-43A6-AF5D-E1836B59FCD3}.Release|Any CPU.Build.0 = Release|Any CPU
		{F9B138C4-404F-49F7-B997-D18C356D1D4E}.Debug|Any CPU.ActiveCfg = Debug|Any CPU
		{F9B138C4-404F-49F7-B997-D18C356D1D4E}.Debug|Any CPU.Build.0 = Debug|Any CPU
		{F9B138C4-404F-49F7-B997-D18C356D1D4E}.Release|Any CPU.ActiveCfg = Release|Any CPU
		{F9B138C4-404F-49F7-B997-D18C356D1D4E}.Release|Any CPU.Build.0 = Release|Any CPU
		{EC864F42-78C6-49D6-AC90-7CEF3C332364}.Debug|Any CPU.ActiveCfg = Debug|Any CPU
		{EC864F42-78C6-49D6-AC90-7CEF3C332364}.Debug|Any CPU.Build.0 = Debug|Any CPU
		{EC864F42-78C6-49D6-AC90-7CEF3C332364}.Release|Any CPU.ActiveCfg = Release|Any CPU
		{EC864F42-78C6-49D6-AC90-7CEF3C332364}.Release|Any CPU.Build.0 = Release|Any CPU
		{6124DBC8-4C8E-477B-8370-1CDB8832F8D9}.Debug|Any CPU.ActiveCfg = Debug|Any CPU
		{6124DBC8-4C8E-477B-8370-1CDB8832F8D9}.Debug|Any CPU.Build.0 = Debug|Any CPU
		{6124DBC8-4C8E-477B-8370-1CDB8832F8D9}.Release|Any CPU.ActiveCfg = Release|Any CPU
		{6124DBC8-4C8E-477B-8370-1CDB8832F8D9}.Release|Any CPU.Build.0 = Release|Any CPU
		{5C01414E-290B-436A-A04D-06BCAD4407D4}.Debug|Any CPU.ActiveCfg = Debug|Any CPU
		{5C01414E-290B-436A-A04D-06BCAD4407D4}.Debug|Any CPU.Build.0 = Debug|Any CPU
		{5C01414E-290B-436A-A04D-06BCAD4407D4}.Release|Any CPU.ActiveCfg = Release|Any CPU
		{5C01414E-290B-436A-A04D-06BCAD4407D4}.Release|Any CPU.Build.0 = Release|Any CPU
		{04A35DB6-1564-43F1-8D23-301EC64BA6DF}.Debug|Any CPU.ActiveCfg = Debug|Any CPU
		{04A35DB6-1564-43F1-8D23-301EC64BA6DF}.Debug|Any CPU.Build.0 = Debug|Any CPU
		{04A35DB6-1564-43F1-8D23-301EC64BA6DF}.Release|Any CPU.ActiveCfg = Release|Any CPU
		{04A35DB6-1564-43F1-8D23-301EC64BA6DF}.Release|Any CPU.Build.0 = Release|Any CPU
		{8A2F6242-2782-4FA6-82FD-7A34531CFCEC}.Debug|Any CPU.ActiveCfg = Debug|Any CPU
		{8A2F6242-2782-4FA6-82FD-7A34531CFCEC}.Debug|Any CPU.Build.0 = Debug|Any CPU
		{8A2F6242-2782-4FA6-82FD-7A34531CFCEC}.Release|Any CPU.ActiveCfg = Release|Any CPU
		{8A2F6242-2782-4FA6-82FD-7A34531CFCEC}.Release|Any CPU.Build.0 = Release|Any CPU
	EndGlobalSection
	GlobalSection(SolutionProperties) = preSolution
		HideSolutionNode = FALSE
	EndGlobalSection
	GlobalSection(NestedProjects) = preSolution
		{B438F2AF-B57E-4842-9315-7036FEA491A9} = {09612D36-228E-4D4E-8B09-1FEA43AEF123}
		{2D7BBBDB-0CDC-4566-AB64-9E29CB2C7EC0} = {B438F2AF-B57E-4842-9315-7036FEA491A9}
		{07816A4E-2506-43CB-B709-68668AEC7A73} = {09612D36-228E-4D4E-8B09-1FEA43AEF123}
		{0E1ED72A-5A90-4EA1-92B9-4111536B736F} = {07816A4E-2506-43CB-B709-68668AEC7A73}
		{2C938035-5116-46E4-B49B-F2B2226A76B0} = {09612D36-228E-4D4E-8B09-1FEA43AEF123}
		{3D514759-7AC3-43A6-AF5D-E1836B59FCD3} = {2C938035-5116-46E4-B49B-F2B2226A76B0}
		{F9B138C4-404F-49F7-B997-D18C356D1D4E} = {2C938035-5116-46E4-B49B-F2B2226A76B0}
		{8009F394-85D0-4EF3-8C02-9D5E4FF7F19A} = {09612D36-228E-4D4E-8B09-1FEA43AEF123}
		{EC864F42-78C6-49D6-AC90-7CEF3C332364} = {8009F394-85D0-4EF3-8C02-9D5E4FF7F19A}
		{6124DBC8-4C8E-477B-8370-1CDB8832F8D9} = {8009F394-85D0-4EF3-8C02-9D5E4FF7F19A}
		{5C01414E-290B-436A-A04D-06BCAD4407D4} = {8009F394-85D0-4EF3-8C02-9D5E4FF7F19A}
		{04A35DB6-1564-43F1-8D23-301EC64BA6DF} = {8009F394-85D0-4EF3-8C02-9D5E4FF7F19A}
		{8A2F6242-2782-4FA6-82FD-7A34531CFCEC} = {0AFF25C3-5660-4290-8459-8C4DF7177280}
	EndGlobalSection
	GlobalSection(ExtensibilityGlobals) = postSolution
		SolutionGuid = {08C15A7E-B004-40FD-94C9-3F8D5BAC2EFE}
	EndGlobalSection
EndGlobal
