
Microsoft Visual Studio Solution File, Format Version 12.00
# Visual Studio Version 16
VisualStudioVersion = 16.0.30011.22
MinimumVisualStudioVersion = 10.0.40219.1
Project("{2150E333-8FDC-42A3-9474-1A3956D46DE8}") = "Services", "Services", "{09612D36-228E-4D4E-8B09-1FEA43AEF123}"
EndProject
Project("{2150E333-8FDC-42A3-9474-1A3956D46DE8}") = "Catalog", "Catalog", "{B438F2AF-B57E-4842-9315-7036FEA491A9}"
EndProject
Project("{FAE04EC0-301F-11D3-BF4B-00C04F79EFBC}") = "Catalog.API", "Services\Catalog\Catalog.API\Catalog.API.csproj", "{2D7BBBDB-0CDC-4566-AB64-9E29CB2C7EC0}"
EndProject
Global
	GlobalSection(SolutionConfigurationPlatforms) = preSolution
		Debug|Any CPU = Debug|Any CPU
		Release|Any CPU = Release|Any CPU
	EndGlobalSection
	GlobalSection(ProjectConfigurationPlatforms) = postSolution
		{2D7BBBDB-0CDC-4566-AB64-9E29CB2C7EC0}.Debug|Any CPU.ActiveCfg = Debug|Any CPU
		{2D7BBBDB-0CDC-4566-AB64-9E29CB2C7EC0}.Debug|Any CPU.Build.0 = Debug|Any CPU
		{2D7BBBDB-0CDC-4566-AB64-9E29CB2C7EC0}.Release|Any CPU.ActiveCfg = Release|Any CPU
		{2D7BBBDB-0CDC-4566-AB64-9E29CB2C7EC0}.Release|Any CPU.Build.0 = Release|Any CPU
	EndGlobalSection
	GlobalSection(SolutionProperties) = preSolution
		HideSolutionNode = FALSE
	EndGlobalSection
	GlobalSection(NestedProjects) = preSolution
		{B438F2AF-B57E-4842-9315-7036FEA491A9} = {09612D36-228E-4D4E-8B09-1FEA43AEF123}
		{2D7BBBDB-0CDC-4566-AB64-9E29CB2C7EC0} = {B438F2AF-B57E-4842-9315-7036FEA491A9}
	EndGlobalSection
	GlobalSection(ExtensibilityGlobals) = postSolution
		SolutionGuid = {08C15A7E-B004-40FD-94C9-3F8D5BAC2EFE}
	EndGlobalSection
EndGlobal
